
Microsoft Visual Studio Solution File, Format Version 12.00
# Visual Studio Version 17
VisualStudioVersion = 17.4.33213.308
MinimumVisualStudioVersion = 10.0.40219.1
Project("{FAE04EC0-301F-11D3-BF4B-00C04F79EFBC}") = "Match_Bubble_Types", "Match_Bubble_Types\Match_Bubble_Types.csproj", "{E138AC6E-87CE-4F18-A8AE-D9D58B2919D2}"
EndProject
Global
	GlobalSection(SolutionConfigurationPlatforms) = preSolution
		Debug|Any CPU = Debug|Any CPU
		Release|Any CPU = Release|Any CPU
	EndGlobalSection
	GlobalSection(ProjectConfigurationPlatforms) = postSolution
		{E138AC6E-87CE-4F18-A8AE-D9D58B2919D2}.Debug|Any CPU.ActiveCfg = Debug|Any CPU
		{E138AC6E-87CE-4F18-A8AE-D9D58B2919D2}.Debug|Any CPU.Build.0 = Debug|Any CPU
		{E138AC6E-87CE-4F18-A8AE-D9D58B2919D2}.Release|Any CPU.ActiveCfg = Release|Any CPU
		{E138AC6E-87CE-4F18-A8AE-D9D58B2919D2}.Release|Any CPU.Build.0 = Release|Any CPU
	EndGlobalSection
	GlobalSection(SolutionProperties) = preSolution
		HideSolutionNode = FALSE
	EndGlobalSection
	GlobalSection(ExtensibilityGlobals) = postSolution
		SolutionGuid = {EB7B5ABA-9558-4ADD-B823-F52DA638827A}
	EndGlobalSection
EndGlobal
