
Microsoft Visual Studio Solution File, Format Version 12.00
# Visual Studio Version 17
VisualStudioVersion = 17.4.33213.308
MinimumVisualStudioVersion = 10.0.40219.1
Project("{FAE04EC0-301F-11D3-BF4B-00C04F79EFBC}") = "Bubble_Maze_Escape", "Bubble_Maze_Escape\Bubble_Maze_Escape.csproj", "{C792E778-4970-4F94-87C4-2CF4A98E3955}"
EndProject
Global
	GlobalSection(SolutionConfigurationPlatforms) = preSolution
		Debug|Any CPU = Debug|Any CPU
		Release|Any CPU = Release|Any CPU
	EndGlobalSection
	GlobalSection(ProjectConfigurationPlatforms) = postSolution
		{C792E778-4970-4F94-87C4-2CF4A98E3955}.Debug|Any CPU.ActiveCfg = Debug|Any CPU
		{C792E778-4970-4F94-87C4-2CF4A98E3955}.Debug|Any CPU.Build.0 = Debug|Any CPU
		{C792E778-4970-4F94-87C4-2CF4A98E3955}.Release|Any CPU.ActiveCfg = Release|Any CPU
		{C792E778-4970-4F94-87C4-2CF4A98E3955}.Release|Any CPU.Build.0 = Release|Any CPU
	EndGlobalSection
	GlobalSection(SolutionProperties) = preSolution
		HideSolutionNode = FALSE
	EndGlobalSection
	GlobalSection(ExtensibilityGlobals) = postSolution
		SolutionGuid = {DF37A1F5-AB92-443D-8343-AC047F0E6D69}
	EndGlobalSection
EndGlobal
